{
  "name": "gasDetect",
  "lockfileVersion": 2,
  "requires": true,
  "packages": {
    "": {
      "dependencies": {
        "js-combinatorics": "^1.5.6",
        "lodash": "^4.17.21",
        "solidity-parser-antlr": "^0.4.11",
        "solidity-parser-diligence": "^0.4.18"
      }
    },
    "node_modules/js-combinatorics": {
      "version": "1.5.6",
      "resolved": "https://registry.npmjs.org/js-combinatorics/-/js-combinatorics-1.5.6.tgz",
      "integrity": "sha512-lISWT4U/pKAdi1CGGH6G3EciGr2sRcC6NrYesoXZqw6eOKvz1JxH3dV/WhG9FndYmWkEGQISe4uVLaOUlTTqvg=="
    },
    "node_modules/lodash": {
      "version": "4.17.21",
      "resolved": "https://registry.npmjs.org/lodash/-/lodash-4.17.21.tgz",
      "integrity": "sha512-v2kDEe57lecTulaDIuNTPy3Ry4gLGJ6Z1O3vE1krgXZNrsQ+LFTGHVxVjcXPs17LhbZVGedAJv8XZ1tvj5FvSg=="
    },
    "node_modules/solidity-parser-antlr": {
      "version": "0.4.11",
      "resolved": "https://registry.npmjs.org/solidity-parser-antlr/-/solidity-parser-antlr-0.4.11.tgz",
      "integrity": "sha512-4jtxasNGmyC0midtjH/lTFPZYvTTUMy6agYcF+HoMnzW8+cqo3piFrINb4ZCzpPW+7tTVFCGa5ubP34zOzeuMg=="
    },
    "node_modules/solidity-parser-diligence": {
      "version": "0.4.18",
      "resolved": "https://registry.npmjs.org/solidity-parser-diligence/-/solidity-parser-diligence-0.4.18.tgz",
      "integrity": "sha512-mauO/qG2v59W9sOn5TYV2dS7+fvFKqIHwiku+TH82e1Yca4H8s6EDG12ZpXO2cmgLlCKX3FOqqC73aYLB8WwNg=="
    }
  },
  "dependencies": {
    "js-combinatorics": {
      "version": "1.5.6",
      "resolved": "https://registry.npmjs.org/js-combinatorics/-/js-combinatorics-1.5.6.tgz",
      "integrity": "sha512-lISWT4U/pKAdi1CGGH6G3EciGr2sRcC6NrYesoXZqw6eOKvz1JxH3dV/WhG9FndYmWkEGQISe4uVLaOUlTTqvg=="
    },
    "lodash": {
      "version": "4.17.21",
      "resolved": "https://registry.npmjs.org/lodash/-/lodash-4.17.21.tgz",
      "integrity": "sha512-v2kDEe57lecTulaDIuNTPy3Ry4gLGJ6Z1O3vE1krgXZNrsQ+LFTGHVxVjcXPs17LhbZVGedAJv8XZ1tvj5FvSg=="
    },
    "solidity-parser-antlr": {
      "version": "0.4.11",
      "resolved": "https://registry.npmjs.org/solidity-parser-antlr/-/solidity-parser-antlr-0.4.11.tgz",
      "integrity": "sha512-4jtxasNGmyC0midtjH/lTFPZYvTTUMy6agYcF+HoMnzW8+cqo3piFrINb4ZCzpPW+7tTVFCGa5ubP34zOzeuMg=="
    },
    "solidity-parser-diligence": {
      "version": "0.4.18",
      "resolved": "https://registry.npmjs.org/solidity-parser-diligence/-/solidity-parser-diligence-0.4.18.tgz",
      "integrity": "sha512-mauO/qG2v59W9sOn5TYV2dS7+fvFKqIHwiku+TH82e1Yca4H8s6EDG12ZpXO2cmgLlCKX3FOqqC73aYLB8WwNg=="
    }
  }
}
